
Microsoft Visual Studio Solution File, Format Version 12.00
# Visual Studio Version 16
VisualStudioVersion = 16.0.30413.136
MinimumVisualStudioVersion = 10.0.40219.1
Project("{FAE04EC0-301F-11D3-BF4B-00C04F79EFBC}") = "StackOverflow", "StackOverflow\StackOverflow.csproj", "{860A821C-FF6A-41D1-87F0-BE9B5A8026F4}"
EndProject
Global
	GlobalSection(SolutionConfigurationPlatforms) = preSolution
		Debug|Any CPU = Debug|Any CPU
		Release|Any CPU = Release|Any CPU
	EndGlobalSection
	GlobalSection(ProjectConfigurationPlatforms) = postSolution
		{860A821C-FF6A-41D1-87F0-BE9B5A8026F4}.Debug|Any CPU.ActiveCfg = Debug|Any CPU
		{860A821C-FF6A-41D1-87F0-BE9B5A8026F4}.Debug|Any CPU.Build.0 = Debug|Any CPU
		{860A821C-FF6A-41D1-87F0-BE9B5A8026F4}.Release|Any CPU.ActiveCfg = Release|Any CPU
		{860A821C-FF6A-41D1-87F0-BE9B5A8026F4}.Release|Any CPU.Build.0 = Release|Any CPU
	EndGlobalSection
	GlobalSection(SolutionProperties) = preSolution
		HideSolutionNode = FALSE
	EndGlobalSection
	GlobalSection(ExtensibilityGlobals) = postSolution
		SolutionGuid = {9D3C5701-1885-486B-A559-FA5C4A57F4D4}
	EndGlobalSection
EndGlobal
